
Microsoft Visual Studio Solution File, Format Version 12.00
# Visual Studio Version 17
VisualStudioVersion = 17.2.32505.173
MinimumVisualStudioVersion = 10.0.40219.1
Project("{9A19103F-16F7-4668-BE54-9A1E7A4F7556}") = "DentalClinicSystem.Web", "DentalClinic.Web\DentalClinicSystem.Web.csproj", "{F30C62B8-5718-400B-BC8C-4C8BB9B44A88}"
EndProject
Project("{9A19103F-16F7-4668-BE54-9A1E7A4F7556}") = "DentalClinicSystem.Common", "DentalClinicSystem.Common\DentalClinicSystem.Common.csproj", "{D4740270-A7A0-4000-B7E6-D1C877837E23}"
EndProject
Project("{2150E333-8FDC-42A3-9474-1A3956D46DE8}") = "Web", "Web", "{98A11DBD-11B8-4D59-A5A0-851AA69B730F}"
EndProject
Project("{2150E333-8FDC-42A3-9474-1A3956D46DE8}") = "Data", "Data", "{590FC116-6D53-4928-84E6-0F602BF4B8C3}"
EndProject
Project("{9A19103F-16F7-4668-BE54-9A1E7A4F7556}") = "DentalClinicSystem.Data", "DentalClinicSystem.Data\DentalClinicSystem.Data.csproj", "{51DD60F1-ABCC-4C6C-8075-477A69D30C19}"
EndProject
Project("{9A19103F-16F7-4668-BE54-9A1E7A4F7556}") = "DentalClinicSystem.Data.Models", "DentalClinicSystem.Data.Models\DentalClinicSystem.Data.Models.csproj", "{36D7B315-CAF8-411C-973C-C22751820C82}"
EndProject
Project("{9A19103F-16F7-4668-BE54-9A1E7A4F7556}") = "DentalClinicSystem.Web.ViewModels", "DentalClinicSystem.Web.ViewModels\DentalClinicSystem.Web.ViewModels.csproj", "{48D69560-AF35-484B-A9CC-11F62E7F4E42}"
EndProject
Project("{2150E333-8FDC-42A3-9474-1A3956D46DE8}") = "Services", "Services", "{038EC444-FCB8-466E-A149-9230E4983114}"
EndProject
Project("{9A19103F-16F7-4668-BE54-9A1E7A4F7556}") = "DentalClinicSystem.Services", "DentalClinicSystem.Services\DentalClinicSystem.Services.csproj", "{36A7FEE5-E478-4851-A255-B49094DF0EE1}"
EndProject
Project("{9A19103F-16F7-4668-BE54-9A1E7A4F7556}") = "DentalClinic.Web.Infrastructure", "DentalClinic.Web.Infrastructure\DentalClinic.Web.Infrastructure.csproj", "{5361BC40-7D96-4069-873F-BB8C76D0F681}"
EndProject
Project("{FAE04EC0-301F-11D3-BF4B-00C04F79EFBC}") = "DentalClinicAppUnitTests", "DentalClinicAppUnitTests\DentalClinicAppUnitTests.csproj", "{1DC70DEF-04E1-4484-AB2C-D2672276CD80}"
EndProject
Project("{2150E333-8FDC-42A3-9474-1A3956D46DE8}") = "Tests", "Tests", "{E4608F3A-9383-4C00-817A-75BDD415FC3D}"
EndProject
Global
	GlobalSection(SolutionConfigurationPlatforms) = preSolution
		Debug|Any CPU = Debug|Any CPU
		Release|Any CPU = Release|Any CPU
	EndGlobalSection
	GlobalSection(ProjectConfigurationPlatforms) = postSolution
		{F30C62B8-5718-400B-BC8C-4C8BB9B44A88}.Debug|Any CPU.ActiveCfg = Debug|Any CPU
		{F30C62B8-5718-400B-BC8C-4C8BB9B44A88}.Debug|Any CPU.Build.0 = Debug|Any CPU
		{F30C62B8-5718-400B-BC8C-4C8BB9B44A88}.Release|Any CPU.ActiveCfg = Release|Any CPU
		{F30C62B8-5718-400B-BC8C-4C8BB9B44A88}.Release|Any CPU.Build.0 = Release|Any CPU
		{D4740270-A7A0-4000-B7E6-D1C877837E23}.Debug|Any CPU.ActiveCfg = Debug|Any CPU
		{D4740270-A7A0-4000-B7E6-D1C877837E23}.Debug|Any CPU.Build.0 = Debug|Any CPU
		{D4740270-A7A0-4000-B7E6-D1C877837E23}.Release|Any CPU.ActiveCfg = Release|Any CPU
		{D4740270-A7A0-4000-B7E6-D1C877837E23}.Release|Any CPU.Build.0 = Release|Any CPU
		{51DD60F1-ABCC-4C6C-8075-477A69D30C19}.Debug|Any CPU.ActiveCfg = Debug|Any CPU
		{51DD60F1-ABCC-4C6C-8075-477A69D30C19}.Debug|Any CPU.Build.0 = Debug|Any CPU
		{51DD60F1-ABCC-4C6C-8075-477A69D30C19}.Release|Any CPU.ActiveCfg = Release|Any CPU
		{51DD60F1-ABCC-4C6C-8075-477A69D30C19}.Release|Any CPU.Build.0 = Release|Any CPU
		{36D7B315-CAF8-411C-973C-C22751820C82}.Debug|Any CPU.ActiveCfg = Debug|Any CPU
		{36D7B315-CAF8-411C-973C-C22751820C82}.Debug|Any CPU.Build.0 = Debug|Any CPU
		{36D7B315-CAF8-411C-973C-C22751820C82}.Release|Any CPU.ActiveCfg = Release|Any CPU
		{36D7B315-CAF8-411C-973C-C22751820C82}.Release|Any CPU.Build.0 = Release|Any CPU
		{48D69560-AF35-484B-A9CC-11F62E7F4E42}.Debug|Any CPU.ActiveCfg = Debug|Any CPU
		{48D69560-AF35-484B-A9CC-11F62E7F4E42}.Debug|Any CPU.Build.0 = Debug|Any CPU
		{48D69560-AF35-484B-A9CC-11F62E7F4E42}.Release|Any CPU.ActiveCfg = Release|Any CPU
		{48D69560-AF35-484B-A9CC-11F62E7F4E42}.Release|Any CPU.Build.0 = Release|Any CPU
		{36A7FEE5-E478-4851-A255-B49094DF0EE1}.Debug|Any CPU.ActiveCfg = Debug|Any CPU
		{36A7FEE5-E478-4851-A255-B49094DF0EE1}.Debug|Any CPU.Build.0 = Debug|Any CPU
		{36A7FEE5-E478-4851-A255-B49094DF0EE1}.Release|Any CPU.ActiveCfg = Release|Any CPU
		{36A7FEE5-E478-4851-A255-B49094DF0EE1}.Release|Any CPU.Build.0 = Release|Any CPU
		{5361BC40-7D96-4069-873F-BB8C76D0F681}.Debug|Any CPU.ActiveCfg = Debug|Any CPU
		{5361BC40-7D96-4069-873F-BB8C76D0F681}.Debug|Any CPU.Build.0 = Debug|Any CPU
		{5361BC40-7D96-4069-873F-BB8C76D0F681}.Release|Any CPU.ActiveCfg = Release|Any CPU
		{5361BC40-7D96-4069-873F-BB8C76D0F681}.Release|Any CPU.Build.0 = Release|Any CPU
		{1DC70DEF-04E1-4484-AB2C-D2672276CD80}.Debug|Any CPU.ActiveCfg = Debug|Any CPU
		{1DC70DEF-04E1-4484-AB2C-D2672276CD80}.Debug|Any CPU.Build.0 = Debug|Any CPU
		{1DC70DEF-04E1-4484-AB2C-D2672276CD80}.Release|Any CPU.ActiveCfg = Release|Any CPU
		{1DC70DEF-04E1-4484-AB2C-D2672276CD80}.Release|Any CPU.Build.0 = Release|Any CPU
	EndGlobalSection
	GlobalSection(SolutionProperties) = preSolution
		HideSolutionNode = FALSE
	EndGlobalSection
	GlobalSection(NestedProjects) = preSolution
		{F30C62B8-5718-400B-BC8C-4C8BB9B44A88} = {98A11DBD-11B8-4D59-A5A0-851AA69B730F}
		{51DD60F1-ABCC-4C6C-8075-477A69D30C19} = {590FC116-6D53-4928-84E6-0F602BF4B8C3}
		{36D7B315-CAF8-411C-973C-C22751820C82} = {590FC116-6D53-4928-84E6-0F602BF4B8C3}
		{48D69560-AF35-484B-A9CC-11F62E7F4E42} = {98A11DBD-11B8-4D59-A5A0-851AA69B730F}
		{36A7FEE5-E478-4851-A255-B49094DF0EE1} = {038EC444-FCB8-466E-A149-9230E4983114}
		{5361BC40-7D96-4069-873F-BB8C76D0F681} = {98A11DBD-11B8-4D59-A5A0-851AA69B730F}
		{1DC70DEF-04E1-4484-AB2C-D2672276CD80} = {E4608F3A-9383-4C00-817A-75BDD415FC3D}
	EndGlobalSection
	GlobalSection(ExtensibilityGlobals) = postSolution
		SolutionGuid = {FB9D01A6-76AE-4F2C-9159-115C756C72AE}
	EndGlobalSection
EndGlobal
